# THIS IS AN AUTOGENERATED FILE. DO NOT EDIT THIS FILE DIRECTLY.
# yarn lockfile v1


"@types/node@^7.0.8":
  version "7.0.12"
  resolved "https://registry.yarnpkg.com/@types/node/-/node-7.0.12.tgz#ae5f67a19c15f752148004db07cbbb372e69efc9"

graphql-language-service-config@^0.0.4:
  version "0.0.4"
  resolved "https://registry.yarnpkg.com/graphql-language-service-config/-/graphql-language-service-config-0.0.4.tgz#1b8d71dfd3b580509600eac7863df6e6ff137199"
  dependencies:
    graphql-language-service-types "^0.0.9"

graphql-language-service-interface@0.0.4:
  version "0.0.4"
  resolved "https://registry.yarnpkg.com/graphql-language-service-interface/-/graphql-language-service-interface-0.0.4.tgz#6ae20481312d81f2085494fa9d9a257e926282ad"
  dependencies:
    graphql "^0.9.1"
    graphql-language-service-config "^0.0.4"
    graphql-language-service-parser "^0.0.3"
    graphql-language-service-types "^0.0.9"
    graphql-language-service-utils "^0.0.3"

graphql-language-service-parser@^0.0.3:
  version "0.0.3"
  resolved "https://registry.yarnpkg.com/graphql-language-service-parser/-/graphql-language-service-parser-0.0.3.tgz#0b124e8ed78446bc4031b3c7c693b2f670bdc875"
  dependencies:
    graphql-language-service-types "^0.0.9"

graphql-language-service-types@^0.0.9:
  version "0.0.9"
  resolved "https://registry.yarnpkg.com/graphql-language-service-types/-/graphql-language-service-types-0.0.9.tgz#af11f448b7638f4c51a30763e90cfb58a63c111a"
  dependencies:
    graphql "0.9.1"

graphql-language-service-utils@^0.0.3:
  version "0.0.3"
  resolved "https://registry.yarnpkg.com/graphql-language-service-utils/-/graphql-language-service-utils-0.0.3.tgz#9339d4b3894167b75fe9fc88b0fe0cf761b4c965"
  dependencies:
    graphql "^0.9.1"
    graphql-language-service-types "^0.0.9"

graphql@0.9.1:
  version "0.9.1"
  resolved "https://registry.yarnpkg.com/graphql/-/graphql-0.9.1.tgz#f4d154cbec054d4a5d3b1be95f23435c09aa86c8"
  dependencies:
    iterall "1.0.3"

graphql@^0.9.1:
  version "0.9.2"
  resolved "https://registry.yarnpkg.com/graphql/-/graphql-0.9.2.tgz#2cb5c635de13f790a77c5879649cb401b1589386"
  dependencies:
    iterall "1.0.3"

iterall@1.0.3:
  version "1.0.3"
  resolved "https://registry.yarnpkg.com/iterall/-/iterall-1.0.3.tgz#e0b31958f835013c323ff0b10943829ac69aa4b7"

typescript@^2.2.2:
  version "2.2.2"
  resolved "https://registry.yarnpkg.com/typescript/-/typescript-2.2.2.tgz#606022508479b55ffa368b58fee963a03dfd7b0c"
