# THIS IS AN AUTOGENERATED FILE. DO NOT EDIT THIS FILE DIRECTLY.
# yarn lockfile v1


graphql-language-service-interface@^2.4.1:
  version "2.4.1"
  resolved "https://registry.yarnpkg.com/graphql-language-service-interface/-/graphql-language-service-interface-2.4.1.tgz#62aca7880469d0f9079aec22a9b297cf78994f52"
  integrity sha512-cKT0ia7xNVpkLlI0vuwxVpPVIXwy02ah4I+N6s4mxFKVgo+lPlX9r933EWX6t1P1vzGJmNf+dip2dK3gHg2bBw==
  dependencies:
    graphql-language-service-parser "^1.6.1"
    graphql-language-service-types "^1.6.1"
    graphql-language-service-utils "^2.4.1"
    vscode-languageserver-types "^3.15.1"

graphql-language-service-parser@^1.6.1:
  version "1.6.2"
  resolved "https://registry.yarnpkg.com/graphql-language-service-parser/-/graphql-language-service-parser-1.6.2.tgz#e139c37318e358c99786dc84f94bd1745135812a"
  integrity sha512-7CwFkvuOjyrzwk+Ox4hPH839NOGnFHbzlWD08nsRxRTqth71LkHWS1ADVFxvBv49C1kXFmLSsCMhi4PH1meozQ==

graphql-language-service-types@^1.6.1:
  version "1.6.1"
  resolved "https://registry.yarnpkg.com/graphql-language-service-types/-/graphql-language-service-types-1.6.1.tgz#2f3933426e47d1979a977f88738ea2cb1414c765"
  integrity sha512-ag3m5b7aje7ZBSuLVQE/gt2iDL9WEfzotZfLyskUDOonhHKniQ8BfmSQ/pF9F6zrdVjtZ8VRr5nes1sEYvvwKQ==

graphql-language-service-utils@^2.4.1:
  version "2.4.1"
  resolved "https://registry.yarnpkg.com/graphql-language-service-utils/-/graphql-language-service-utils-2.4.1.tgz#37d3ffdb603fc8b54f11e7d57b4ca04660247c2b"
  integrity sha512-fqYSrjJ3YXHwY9eYUz5nesLwLfo8csbR/hS4Xz8wDZCeqkD20UzjVfnbF1Q0SjtKFlDtEfnG9hJvHZEJXZCF3A==
  dependencies:
    graphql-language-service-types "^1.6.1"

graphql@15.4.0:
  version "15.4.0"
  resolved "https://registry.yarnpkg.com/graphql/-/graphql-15.4.0.tgz#e459dea1150da5a106486ba7276518b5295a4347"
  integrity sha512-EB3zgGchcabbsU9cFe1j+yxdzKQKAbGUWRb13DsrsMN1yyfmmIq+2+L5MqVWcDCE4V89R5AyUOi7sMOGxdsYtA==

"ts-graphql-plugin@file:../..":
  version "2.0.2"
  dependencies:
    graphql-language-service-interface "^2.4.1"
    graphql-language-service-types "^1.6.1"

typescript@4.0.5:
  version "4.0.5"
  resolved "https://registry.yarnpkg.com/typescript/-/typescript-4.0.5.tgz#ae9dddfd1069f1cb5beb3ef3b2170dd7c1332389"
  integrity sha512-ywmr/VrTVCmNTJ6iV2LwIrfG1P+lv6luD8sUJs+2eI9NLGigaN+nUQc13iHqisq7bra9lnmUSYqbJvegraBOPQ==

vscode-languageserver-types@^3.15.1:
  version "3.15.1"
  resolved "https://registry.yarnpkg.com/vscode-languageserver-types/-/vscode-languageserver-types-3.15.1.tgz#17be71d78d2f6236d414f0001ce1ef4d23e6b6de"
  integrity sha512-+a9MPUQrNGRrGU630OGbYVQ+11iOIovjCkqxajPa9w57Sd5ruK8WQNsslzpa0x/QJqC8kRc2DUxWjIFwoNm4ZQ==
