{
  "name": "react-apollo-project",
  "version": "2.0.0",
  "lockfileVersion": 3,
  "requires": true,
  "packages": {
    "": {
      "name": "react-apollo-project",
      "devDependencies": {
        "@apollo/client": "4.0.11",
        "@types/react": "19.2.9",
        "@types/react-dom": "19.2.3",
        "graphql": "16.12.0",
        "react": "19.2.3",
        "react-dom": "19.2.3",
        "typescript": "5.5.4"
      }
    },
    "node_modules/@apollo/client": {
      "version": "4.0.11",
      "resolved": "https://registry.npmjs.org/@apollo/client/-/client-4.0.11.tgz",
      "integrity": "sha512-jyW5j3DEYnFlYA1Lk9Szd7O/od1DptnbZnj03DQXxuQb+Gnop0w/uQxVRKaU7bPhvVuBnlAtZYPOykArX+xWdg==",
      "dev": true,
      "license": "MIT",
      "workspaces": [
        "dist",
        "codegen",
        "scripts/codemods/ac3-to-ac4"
      ],
      "dependencies": {
        "@graphql-typed-document-node/core": "^3.1.1",
        "@wry/caches": "^1.0.0",
        "@wry/equality": "^0.5.6",
        "@wry/trie": "^0.5.0",
        "graphql-tag": "^2.12.6",
        "optimism": "^0.18.0",
        "tslib": "^2.3.0"
      },
      "peerDependencies": {
        "graphql": "^16.0.0",
        "graphql-ws": "^5.5.5 || ^6.0.3",
        "react": "^17.0.0 || ^18.0.0 || >=19.0.0-rc",
        "react-dom": "^17.0.0 || ^18.0.0 || >=19.0.0-rc",
        "rxjs": "^7.3.0",
        "subscriptions-transport-ws": "^0.9.0 || ^0.11.0"
      },
      "peerDependenciesMeta": {
        "graphql-ws": {
          "optional": true
        },
        "react": {
          "optional": true
        },
        "react-dom": {
          "optional": true
        },
        "subscriptions-transport-ws": {
          "optional": true
        }
      }
    },
    "node_modules/@graphql-typed-document-node/core": {
      "version": "3.1.1",
      "resolved": "https://registry.npmjs.org/@graphql-typed-document-node/core/-/core-3.1.1.tgz",
      "integrity": "sha512-NQ17ii0rK1b34VZonlmT2QMJFI70m0TRwbknO/ihlbatXyaktDhN/98vBiUU6kNBPljqGqyIrl2T4nY2RpFANg==",
      "dev": true,
      "peerDependencies": {
        "graphql": "^0.8.0 || ^0.9.0 || ^0.10.0 || ^0.11.0 || ^0.12.0 || ^0.13.0 || ^14.0.0 || ^15.0.0 || ^16.0.0"
      }
    },
    "node_modules/@types/react": {
      "version": "19.2.9",
      "resolved": "https://registry.npmjs.org/@types/react/-/react-19.2.9.tgz",
      "integrity": "sha512-Lpo8kgb/igvMIPeNV2rsYKTgaORYdO1XGVZ4Qz3akwOj0ySGYMPlQWa8BaLn0G63D1aSaAQ5ldR06wCpChQCjA==",
      "dev": true,
      "license": "MIT",
      "peer": true,
      "dependencies": {
        "csstype": "^3.2.2"
      }
    },
    "node_modules/@types/react-dom": {
      "version": "19.2.3",
      "resolved": "https://registry.npmjs.org/@types/react-dom/-/react-dom-19.2.3.tgz",
      "integrity": "sha512-jp2L/eY6fn+KgVVQAOqYItbF0VY/YApe5Mz2F0aykSO8gx31bYCZyvSeYxCHKvzHG5eZjc+zyaS5BrBWya2+kQ==",
      "dev": true,
      "license": "MIT",
      "peerDependencies": {
        "@types/react": "^19.2.0"
      }
    },
    "node_modules/@wry/caches": {
      "version": "1.0.1",
      "resolved": "https://registry.npmjs.org/@wry/caches/-/caches-1.0.1.tgz",
      "integrity": "sha512-bXuaUNLVVkD20wcGBWRyo7j9N3TxePEWFZj2Y+r9OoUzfqmavM84+mFykRicNsBqatba5JLay1t48wxaXaWnlA==",
      "dev": true,
      "dependencies": {
        "tslib": "^2.3.0"
      },
      "engines": {
        "node": ">=8"
      }
    },
    "node_modules/@wry/context": {
      "version": "0.7.0",
      "resolved": "https://registry.npmjs.org/@wry/context/-/context-0.7.0.tgz",
      "integrity": "sha512-LcDAiYWRtwAoSOArfk7cuYvFXytxfVrdX7yxoUmK7pPITLk5jYh2F8knCwS7LjgYL8u1eidPlKKV6Ikqq0ODqQ==",
      "dev": true,
      "dependencies": {
        "tslib": "^2.3.0"
      },
      "engines": {
        "node": ">=8"
      }
    },
    "node_modules/@wry/equality": {
      "version": "0.5.6",
      "resolved": "https://registry.npmjs.org/@wry/equality/-/equality-0.5.6.tgz",
      "integrity": "sha512-D46sfMTngaYlrH+OspKf8mIJETntFnf6Hsjb0V41jAXJ7Bx2kB8Rv8RCUujuVWYttFtHkUNp7g+FwxNQAr6mXA==",
      "dev": true,
      "dependencies": {
        "tslib": "^2.3.0"
      },
      "engines": {
        "node": ">=8"
      }
    },
    "node_modules/@wry/trie": {
      "version": "0.5.0",
      "resolved": "https://registry.npmjs.org/@wry/trie/-/trie-0.5.0.tgz",
      "integrity": "sha512-FNoYzHawTMk/6KMQoEG5O4PuioX19UbwdQKF44yw0nLfOypfQdjtfZzo/UIJWAJ23sNIFbD1Ug9lbaDGMwbqQA==",
      "dev": true,
      "dependencies": {
        "tslib": "^2.3.0"
      },
      "engines": {
        "node": ">=8"
      }
    },
    "node_modules/backo2": {
      "version": "1.0.2",
      "resolved": "https://registry.npmjs.org/backo2/-/backo2-1.0.2.tgz",
      "integrity": "sha1-MasayLEpNjRj41s+u2n038+6eUc= sha512-zj6Z6M7Eq+PBZ7PQxl5NT665MvJdAkzp0f60nAJ+sLaSCBPMwVak5ZegFbgVCzFcCJTKFoMizvM5Ld7+JrRJHA==",
      "dev": true,
      "optional": true
    },
    "node_modules/csstype": {
      "version": "3.2.3",
      "resolved": "https://registry.npmjs.org/csstype/-/csstype-3.2.3.tgz",
      "integrity": "sha512-z1HGKcYy2xA8AGQfwrn0PAy+PB7X/GSj3UVJW9qKyn43xWa+gl5nXmU4qqLMRzWVLFC8KusUX8T/0kCiOYpAIQ==",
      "dev": true,
      "license": "MIT"
    },
    "node_modules/eventemitter3": {
      "version": "3.1.2",
      "resolved": "https://registry.npmjs.org/eventemitter3/-/eventemitter3-3.1.2.tgz",
      "integrity": "sha512-tvtQIeLVHjDkJYnzf2dgVMxfuSGJeM/7UCG17TT4EumTfNtF+0nebF/4zWOIkCreAbtNqhGEboB6BWrwqNaw4Q==",
      "dev": true,
      "optional": true
    },
    "node_modules/graphql": {
      "version": "16.12.0",
      "resolved": "https://registry.npmjs.org/graphql/-/graphql-16.12.0.tgz",
      "integrity": "sha512-DKKrynuQRne0PNpEbzuEdHlYOMksHSUI8Zc9Unei5gTsMNA2/vMpoMz/yKba50pejK56qj98qM0SjYxAKi13gQ==",
      "dev": true,
      "license": "MIT",
      "peer": true,
      "engines": {
        "node": "^12.22.0 || ^14.16.0 || ^16.0.0 || >=17.0.0"
      }
    },
    "node_modules/graphql-tag": {
      "version": "2.12.6",
      "resolved": "https://registry.npmjs.org/graphql-tag/-/graphql-tag-2.12.6.tgz",
      "integrity": "sha512-FdSNcu2QQcWnM2VNvSCCDCVS5PpPqpzgFT8+GXzqJuoDd0CBncxCY278u4mhRO7tMgo2JjgJA5aZ+nWSQ/Z+xg==",
      "dev": true,
      "dependencies": {
        "tslib": "^2.1.0"
      },
      "engines": {
        "node": ">=10"
      },
      "peerDependencies": {
        "graphql": "^0.9.0 || ^0.10.0 || ^0.11.0 || ^0.12.0 || ^0.13.0 || ^14.0.0 || ^15.0.0 || ^16.0.0"
      }
    },
    "node_modules/iterall": {
      "version": "1.3.0",
      "resolved": "https://registry.npmjs.org/iterall/-/iterall-1.3.0.tgz",
      "integrity": "sha512-QZ9qOMdF+QLHxy1QIpUHUU1D5pS2CG2P69LF6L6CPjPYA/XMOmKV3PZpawHoAjHNyB0swdVTRxdYT4tbBbxqwg==",
      "dev": true,
      "optional": true
    },
    "node_modules/optimism": {
      "version": "0.18.0",
      "resolved": "https://registry.npmjs.org/optimism/-/optimism-0.18.0.tgz",
      "integrity": "sha512-tGn8+REwLRNFnb9WmcY5IfpOqeX2kpaYJ1s6Ae3mn12AeydLkR3j+jSCmVQFoXqU8D41PAJ1RG1rCRNWmNZVmQ==",
      "dev": true,
      "dependencies": {
        "@wry/caches": "^1.0.0",
        "@wry/context": "^0.7.0",
        "@wry/trie": "^0.4.3",
        "tslib": "^2.3.0"
      }
    },
    "node_modules/optimism/node_modules/@wry/trie": {
      "version": "0.4.3",
      "resolved": "https://registry.npmjs.org/@wry/trie/-/trie-0.4.3.tgz",
      "integrity": "sha512-I6bHwH0fSf6RqQcnnXLJKhkSXG45MFral3GxPaY4uAl0LYDZM+YDVDAiU9bYwjTuysy1S0IeecWtmq1SZA3M1w==",
      "dev": true,
      "dependencies": {
        "tslib": "^2.3.0"
      },
      "engines": {
        "node": ">=8"
      }
    },
    "node_modules/react": {
      "version": "19.2.3",
      "resolved": "https://registry.npmjs.org/react/-/react-19.2.3.tgz",
      "integrity": "sha512-Ku/hhYbVjOQnXDZFv2+RibmLFGwFdeeKHFcOTlrt7xplBnya5OGn/hIRDsqDiSUcfORsDC7MPxwork8jBwsIWA==",
      "dev": true,
      "license": "MIT",
      "peer": true,
      "engines": {
        "node": ">=0.10.0"
      }
    },
    "node_modules/react-dom": {
      "version": "19.2.3",
      "resolved": "https://registry.npmjs.org/react-dom/-/react-dom-19.2.3.tgz",
      "integrity": "sha512-yELu4WmLPw5Mr/lmeEpox5rw3RETacE++JgHqQzd2dg+YbJuat3jH4ingc+WPZhxaoFzdv9y33G+F7Nl5O0GBg==",
      "dev": true,
      "license": "MIT",
      "peer": true,
      "dependencies": {
        "scheduler": "^0.27.0"
      },
      "peerDependencies": {
        "react": "^19.2.3"
      }
    },
    "node_modules/rxjs": {
      "version": "7.8.2",
      "resolved": "https://registry.npmjs.org/rxjs/-/rxjs-7.8.2.tgz",
      "integrity": "sha512-dhKf903U/PQZY6boNNtAGdWbG85WAbjT/1xYoZIC7FAY0yWapOBQVsVrDl58W86//e1VpMNBtRV4MaXfdMySFA==",
      "dev": true,
      "license": "Apache-2.0",
      "peer": true,
      "dependencies": {
        "tslib": "^2.1.0"
      }
    },
    "node_modules/scheduler": {
      "version": "0.27.0",
      "resolved": "https://registry.npmjs.org/scheduler/-/scheduler-0.27.0.tgz",
      "integrity": "sha512-eNv+WrVbKu1f3vbYJT/xtiF5syA5HPIMtf9IgY/nKg0sWqzAUEvqY/xm7OcZc/qafLx/iO9FgOmeSAp4v5ti/Q==",
      "dev": true,
      "license": "MIT"
    },
    "node_modules/subscriptions-transport-ws": {
      "version": "0.11.0",
      "resolved": "https://registry.npmjs.org/subscriptions-transport-ws/-/subscriptions-transport-ws-0.11.0.tgz",
      "integrity": "sha512-8D4C6DIH5tGiAIpp5I0wD/xRlNiZAPGHygzCe7VzyzUoxHtawzjNAY9SUTXU05/EY2NMY9/9GF0ycizkXr1CWQ==",
      "deprecated": "The `subscriptions-transport-ws` package is no longer maintained. We recommend you use `graphql-ws` instead. For help migrating Apollo software to `graphql-ws`, see https://www.apollographql.com/docs/apollo-server/data/subscriptions/#switching-from-subscriptions-transport-ws    For general help using `graphql-ws`, see https://github.com/enisdenjo/graphql-ws/blob/master/README.md",
      "dev": true,
      "optional": true,
      "dependencies": {
        "backo2": "^1.0.2",
        "eventemitter3": "^3.1.0",
        "iterall": "^1.2.1",
        "symbol-observable": "^1.0.4",
        "ws": "^5.2.0 || ^6.0.0 || ^7.0.0"
      },
      "peerDependencies": {
        "graphql": "^15.7.2 || ^16.0.0"
      }
    },
    "node_modules/subscriptions-transport-ws/node_modules/symbol-observable": {
      "version": "1.2.0",
      "resolved": "https://registry.npmjs.org/symbol-observable/-/symbol-observable-1.2.0.tgz",
      "integrity": "sha512-e900nM8RRtGhlV36KGEU9k65K3mPb1WV70OdjfxlG2EAuM1noi/E/BaW/uMhL7bPEssK8QV57vN3esixjUvcXQ==",
      "dev": true,
      "optional": true,
      "engines": {
        "node": ">=0.10.0"
      }
    },
    "node_modules/tslib": {
      "version": "2.4.0",
      "resolved": "https://registry.npmjs.org/tslib/-/tslib-2.4.0.tgz",
      "integrity": "sha512-d6xOpEDfsi2CZVlPQzGeux8XMwLT9hssAsaPYExaQMuYskwb+x1x7J371tWlbBdWHroy99KnVB6qIkUbs5X3UQ==",
      "dev": true
    },
    "node_modules/typescript": {
      "version": "5.5.4",
      "resolved": "https://registry.npmjs.org/typescript/-/typescript-5.5.4.tgz",
      "integrity": "sha512-Mtq29sKDAEYP7aljRgtPOpTvOfbwRWlS6dPRzwjdE+C0R4brX/GUyhHSecbHMFLNBLcJIPt9nl9yG5TZ1weH+Q==",
      "dev": true,
      "license": "Apache-2.0",
      "bin": {
        "tsc": "bin/tsc",
        "tsserver": "bin/tsserver"
      },
      "engines": {
        "node": ">=14.17"
      }
    },
    "node_modules/ws": {
      "version": "7.4.6",
      "resolved": "https://registry.npmjs.org/ws/-/ws-7.4.6.tgz",
      "integrity": "sha512-YmhHDO4MzaDLB+M9ym/mDA5z0naX8j7SIlT8f8z+I0VtzsRbekxEutHSme7NPS2qE8StCYQNUnfWdXta/Yu85A==",
      "dev": true,
      "optional": true,
      "engines": {
        "node": ">=8.3.0"
      },
      "peerDependencies": {
        "bufferutil": "^4.0.1",
        "utf-8-validate": "^5.0.2"
      },
      "peerDependenciesMeta": {
        "bufferutil": {
          "optional": true
        },
        "utf-8-validate": {
          "optional": true
        }
      }
    }
  }
}
