# THIS IS AN AUTOGENERATED FILE. DO NOT EDIT THIS FILE DIRECTLY.
# yarn lockfile v1


"@apollo/client@3.3.5":
  version "3.3.5"
  resolved "https://registry.yarnpkg.com/@apollo/client/-/client-3.3.5.tgz#aecc864aa3a307bf5145fd0cde737b233a393fdc"
  integrity sha512-0jKCwBMVJBfdDo3YdkALcw5F8t7rcKuR+cliqcFn+K3JxGFrYAtItdNbxq4CsGgaAQkzpwhVXYZZRSXTmtJqtA==
  dependencies:
    "@graphql-typed-document-node/core" "^3.0.0"
    "@types/zen-observable" "^0.8.0"
    "@wry/context" "^0.5.2"
    "@wry/equality" "^0.3.0"
    fast-json-stable-stringify "^2.0.0"
    graphql-tag "^2.11.0"
    hoist-non-react-statics "^3.3.2"
    optimism "^0.13.1"
    prop-types "^15.7.2"
    symbol-observable "^2.0.0"
    ts-invariant "^0.6.0"
    tslib "^1.10.0"
    zen-observable "^0.8.14"

"@graphql-typed-document-node/core@^3.0.0":
  version "3.1.0"
  resolved "https://registry.yarnpkg.com/@graphql-typed-document-node/core/-/core-3.1.0.tgz#0eee6373e11418bfe0b5638f654df7a4ca6a3950"
  integrity sha512-wYn6r8zVZyQJ6rQaALBEln5B1pzxb9shV5Ef97kTvn6yVGrqyXVnDqnU24MXnFubR+rZjBY9NWuxX3FB2sTsjg==

"@types/prop-types@*":
  version "15.7.3"
  resolved "https://registry.yarnpkg.com/@types/prop-types/-/prop-types-15.7.3.tgz#2ab0d5da2e5815f94b0b9d4b95d1e5f243ab2ca7"
  integrity sha512-KfRL3PuHmqQLOG+2tGpRO26Ctg+Cq1E01D2DMriKEATHgWLfeNDmq9e29Q9WIky0dQ3NPkd1mzYH8Lm936Z9qw==

"@types/react-dom@17.0.0":
  version "17.0.0"
  resolved "https://registry.yarnpkg.com/@types/react-dom/-/react-dom-17.0.0.tgz#b3b691eb956c4b3401777ee67b900cb28415d95a"
  integrity sha512-lUqY7OlkF/RbNtD5nIq7ot8NquXrdFrjSOR6+w9a9RFQevGi1oZO1dcJbXMeONAPKtZ2UrZOEJ5UOCVsxbLk/g==
  dependencies:
    "@types/react" "*"

"@types/react@*", "@types/react@17.0.0":
  version "17.0.0"
  resolved "https://registry.yarnpkg.com/@types/react/-/react-17.0.0.tgz#5af3eb7fad2807092f0046a1302b7823e27919b8"
  integrity sha512-aj/L7RIMsRlWML3YB6KZiXB3fV2t41+5RBGYF8z+tAKU43Px8C3cYUZsDvf1/+Bm4FK21QWBrDutu8ZJ/70qOw==
  dependencies:
    "@types/prop-types" "*"
    csstype "^3.0.2"

"@types/ungap__global-this@^0.3.1":
  version "0.3.1"
  resolved "https://registry.yarnpkg.com/@types/ungap__global-this/-/ungap__global-this-0.3.1.tgz#18ce9f657da556037a29d50604335614ce703f4c"
  integrity sha512-+/DsiV4CxXl6ZWefwHZDXSe1Slitz21tom38qPCaG0DYCS1NnDPIQDTKcmQ/tvK/edJUKkmuIDBJbmKDiB0r/g==

"@types/zen-observable@^0.8.0":
  version "0.8.0"
  resolved "https://registry.yarnpkg.com/@types/zen-observable/-/zen-observable-0.8.0.tgz#8b63ab7f1aa5321248aad5ac890a485656dcea4d"
  integrity sha512-te5lMAWii1uEJ4FwLjzdlbw3+n0FZNOvFXHxQDKeT0dilh7HOzdMzV2TrJVUzq8ep7J4Na8OUYPRLSQkJHAlrg==

"@ungap/global-this@^0.4.2":
  version "0.4.2"
  resolved "https://registry.yarnpkg.com/@ungap/global-this/-/global-this-0.4.2.tgz#bc59a79799862e3e0cf647c090fd3f3f2285cf56"
  integrity sha512-uFg7Kz+E12RBlgBLMlWVjmn2OIeE2J1Lzij0RseNcCVsrJX+LEB4fQ9MnoPXkXJmO5cHtTEzI5ATtb3IJfQ9tQ==

"@wry/context@^0.5.2":
  version "0.5.2"
  resolved "https://registry.yarnpkg.com/@wry/context/-/context-0.5.2.tgz#f2a5d5ab9227343aa74c81e06533c1ef84598ec7"
  integrity sha512-B/JLuRZ/vbEKHRUiGj6xiMojST1kHhu4WcreLfNN7q9DqQFrb97cWgf/kiYsPSUCAMVN0HzfFc8XjJdzgZzfjw==
  dependencies:
    tslib "^1.9.3"

"@wry/equality@^0.3.0":
  version "0.3.0"
  resolved "https://registry.yarnpkg.com/@wry/equality/-/equality-0.3.0.tgz#4b022a0907f01f32c07a1a665d9430155a59ea06"
  integrity sha512-DRDAu/e3oWBj826OWNV/GCmSdHD248mASXImgNoLE/3SDvpgb+k6G/+TAmdpIB35ju264+kB22Rx92eXg52DnA==
  dependencies:
    tslib "^1.9.3"

async-limiter@~1.0.0:
  version "1.0.1"
  resolved "https://registry.yarnpkg.com/async-limiter/-/async-limiter-1.0.1.tgz#dd379e94f0db8310b08291f9d64c3209766617fd"
  integrity sha512-csOlWGAcRFJaI6m+F2WKdnMKr4HhdhFVBk0H/QbJFMCr+uO2kwohwXQPxw/9OCxp05r5ghVBFSyioixx3gfkNQ==

backo2@^1.0.2:
  version "1.0.2"
  resolved "https://registry.yarnpkg.com/backo2/-/backo2-1.0.2.tgz#31ab1ac8b129363463e35b3ebb69f4dfcfba7947"
  integrity sha1-MasayLEpNjRj41s+u2n038+6eUc=

csstype@^3.0.2:
  version "3.0.5"
  resolved "https://registry.yarnpkg.com/csstype/-/csstype-3.0.5.tgz#7fdec6a28a67ae18647c51668a9ff95bb2fa7bb8"
  integrity sha512-uVDi8LpBUKQj6sdxNaTetL6FpeCqTjOvAQuQUa/qAqq8oOd4ivkbhgnqayl0dnPal8Tb/yB1tF+gOvCBiicaiQ==

eventemitter3@^3.1.0:
  version "3.1.2"
  resolved "https://registry.yarnpkg.com/eventemitter3/-/eventemitter3-3.1.2.tgz#2d3d48f9c346698fce83a85d7d664e98535df6e7"
  integrity sha512-tvtQIeLVHjDkJYnzf2dgVMxfuSGJeM/7UCG17TT4EumTfNtF+0nebF/4zWOIkCreAbtNqhGEboB6BWrwqNaw4Q==

fast-json-stable-stringify@^2.0.0:
  version "2.1.0"
  resolved "https://registry.yarnpkg.com/fast-json-stable-stringify/-/fast-json-stable-stringify-2.1.0.tgz#874bf69c6f404c2b5d99c481341399fd55892633"
  integrity sha512-lhd/wF+Lk98HZoTCtlVraHtfh5XYijIjalXck7saUtuanSDyLMxnHhSXEDJqHxD7msR8D0uCmqlkwjCV8xvwHw==

graphql-tag@^2.11.0:
  version "2.11.0"
  resolved "https://registry.yarnpkg.com/graphql-tag/-/graphql-tag-2.11.0.tgz#1deb53a01c46a7eb401d6cb59dec86fa1cccbffd"
  integrity sha512-VmsD5pJqWJnQZMUeRwrDhfgoyqcfwEkvtpANqcoUG8/tOLkwNgU9mzub/Mc78OJMhHjx7gfAMTxzdG43VGg3bA==

graphql@15.4.0:
  version "15.4.0"
  resolved "https://registry.yarnpkg.com/graphql/-/graphql-15.4.0.tgz#e459dea1150da5a106486ba7276518b5295a4347"
  integrity sha512-EB3zgGchcabbsU9cFe1j+yxdzKQKAbGUWRb13DsrsMN1yyfmmIq+2+L5MqVWcDCE4V89R5AyUOi7sMOGxdsYtA==

hoist-non-react-statics@^3.3.2:
  version "3.3.2"
  resolved "https://registry.yarnpkg.com/hoist-non-react-statics/-/hoist-non-react-statics-3.3.2.tgz#ece0acaf71d62c2969c2ec59feff42a4b1a85b45"
  integrity sha512-/gGivxi8JPKWNm/W0jSmzcMPpfpPLc3dY/6GxhX2hQ9iGj3aDfklV4ET7NjKpSinLpJ5vafa9iiGIEZg10SfBw==
  dependencies:
    react-is "^16.7.0"

iterall@^1.2.1:
  version "1.3.0"
  resolved "https://registry.yarnpkg.com/iterall/-/iterall-1.3.0.tgz#afcb08492e2915cbd8a0884eb93a8c94d0d72fea"
  integrity sha512-QZ9qOMdF+QLHxy1QIpUHUU1D5pS2CG2P69LF6L6CPjPYA/XMOmKV3PZpawHoAjHNyB0swdVTRxdYT4tbBbxqwg==

"js-tokens@^3.0.0 || ^4.0.0":
  version "4.0.0"
  resolved "https://registry.yarnpkg.com/js-tokens/-/js-tokens-4.0.0.tgz#19203fb59991df98e3a287050d4647cdeaf32499"
  integrity sha512-RdJUflcE3cUzKiMqQgsCu06FPu9UdIJO0beYbPhHN4k6apgJtifcoCtT9bcxOpYBtpD2kCM6Sbzg4CausW/PKQ==

loose-envify@^1.1.0, loose-envify@^1.4.0:
  version "1.4.0"
  resolved "https://registry.yarnpkg.com/loose-envify/-/loose-envify-1.4.0.tgz#71ee51fa7be4caec1a63839f7e682d8132d30caf"
  integrity sha512-lyuxPGr/Wfhrlem2CL/UcnUc1zcqKAImBDzukY7Y5F/yQiNdko6+fRLevlw1HgMySw7f611UIY408EtxRSoK3Q==
  dependencies:
    js-tokens "^3.0.0 || ^4.0.0"

object-assign@^4.1.1:
  version "4.1.1"
  resolved "https://registry.yarnpkg.com/object-assign/-/object-assign-4.1.1.tgz#2109adc7965887cfc05cbbd442cac8bfbb360863"
  integrity sha1-IQmtx5ZYh8/AXLvUQsrIv7s2CGM=

optimism@^0.13.1:
  version "0.13.1"
  resolved "https://registry.yarnpkg.com/optimism/-/optimism-0.13.1.tgz#df2e6102c973f870d6071712fffe4866bb240384"
  integrity sha512-16RRVYZe8ODcUqpabpY7Gb91vCAbdhn8FHjlUb2Hqnjjow1j8Z1dlppds+yAsLbreNTVylLC+tNX6DuC2vt3Kw==
  dependencies:
    "@wry/context" "^0.5.2"

prop-types@^15.7.2:
  version "15.7.2"
  resolved "https://registry.yarnpkg.com/prop-types/-/prop-types-15.7.2.tgz#52c41e75b8c87e72b9d9360e0206b99dcbffa6c5"
  integrity sha512-8QQikdH7//R2vurIJSutZ1smHYTcLpRWEOlHnzcWHmBYrOGUysKwSsrC89BCiFj3CbrfJ/nXFdJepOVrY1GCHQ==
  dependencies:
    loose-envify "^1.4.0"
    object-assign "^4.1.1"
    react-is "^16.8.1"

react-dom@17.0.1:
  version "17.0.1"
  resolved "https://registry.yarnpkg.com/react-dom/-/react-dom-17.0.1.tgz#1de2560474ec9f0e334285662ede52dbc5426fc6"
  integrity sha512-6eV150oJZ9U2t9svnsspTMrWNyHc6chX0KzDeAOXftRa8bNeOKTTfCJ7KorIwenkHd2xqVTBTCZd79yk/lx/Ug==
  dependencies:
    loose-envify "^1.1.0"
    object-assign "^4.1.1"
    scheduler "^0.20.1"

react-is@^16.7.0:
  version "16.13.1"
  resolved "https://registry.yarnpkg.com/react-is/-/react-is-16.13.1.tgz#789729a4dc36de2999dc156dd6c1d9c18cea56a4"
  integrity sha512-24e6ynE2H+OKt4kqsOvNd8kBpV65zoxbA4BVsEOB3ARVWQki/DHzaUoC5KuON/BiccDaCCTZBuOcfZs70kR8bQ==

react-is@^16.8.1:
  version "16.12.0"
  resolved "https://registry.yarnpkg.com/react-is/-/react-is-16.12.0.tgz#2cc0fe0fba742d97fd527c42a13bec4eeb06241c"
  integrity sha512-rPCkf/mWBtKc97aLL9/txD8DZdemK0vkA3JMLShjlJB3Pj3s+lpf1KaBzMfQrAmhMQB0n1cU/SUGgKKBCe837Q==

react@17.0.1:
  version "17.0.1"
  resolved "https://registry.yarnpkg.com/react/-/react-17.0.1.tgz#6e0600416bd57574e3f86d92edba3d9008726127"
  integrity sha512-lG9c9UuMHdcAexXtigOZLX8exLWkW0Ku29qPRU8uhF2R9BN96dLCt0psvzPLlHc5OWkgymP3qwTRgbnw5BKx3w==
  dependencies:
    loose-envify "^1.1.0"
    object-assign "^4.1.1"

scheduler@^0.20.1:
  version "0.20.1"
  resolved "https://registry.yarnpkg.com/scheduler/-/scheduler-0.20.1.tgz#da0b907e24026b01181ecbc75efdc7f27b5a000c"
  integrity sha512-LKTe+2xNJBNxu/QhHvDR14wUXHRQbVY5ZOYpOGWRzhydZUqrLb2JBvLPY7cAqFmqrWuDED0Mjk7013SZiOz6Bw==
  dependencies:
    loose-envify "^1.1.0"
    object-assign "^4.1.1"

subscriptions-transport-ws@0.9.18:
  version "0.9.18"
  resolved "https://registry.yarnpkg.com/subscriptions-transport-ws/-/subscriptions-transport-ws-0.9.18.tgz#bcf02320c911fbadb054f7f928e51c6041a37b97"
  integrity sha512-tztzcBTNoEbuErsVQpTN2xUNN/efAZXyCyL5m3x4t6SKrEiTL2N8SaKWBFWM4u56pL79ULif3zjyeq+oV+nOaA==
  dependencies:
    backo2 "^1.0.2"
    eventemitter3 "^3.1.0"
    iterall "^1.2.1"
    symbol-observable "^1.0.4"
    ws "^5.2.0"

symbol-observable@^1.0.4:
  version "1.2.0"
  resolved "https://registry.yarnpkg.com/symbol-observable/-/symbol-observable-1.2.0.tgz#c22688aed4eab3cdc2dfeacbb561660560a00804"
  integrity sha512-e900nM8RRtGhlV36KGEU9k65K3mPb1WV70OdjfxlG2EAuM1noi/E/BaW/uMhL7bPEssK8QV57vN3esixjUvcXQ==

symbol-observable@^2.0.0:
  version "2.0.3"
  resolved "https://registry.yarnpkg.com/symbol-observable/-/symbol-observable-2.0.3.tgz#5b521d3d07a43c351055fa43b8355b62d33fd16a"
  integrity sha512-sQV7phh2WCYAn81oAkakC5qjq2Ml0g8ozqz03wOGnx9dDlG1de6yrF+0RAzSJD8fPUow3PTSMf2SAbOGxb93BA==

ts-invariant@^0.6.0:
  version "0.6.0"
  resolved "https://registry.yarnpkg.com/ts-invariant/-/ts-invariant-0.6.0.tgz#44066ecfeb7a806ff1c3b0b283408a337a885412"
  integrity sha512-caoafsfgb8QxdrKzFfjKt627m4i8KTtfAiji0DYJfWI4A/S9ORNNpzYuD9br64kyKFgxn9UNaLLbSupam84mCA==
  dependencies:
    "@types/ungap__global-this" "^0.3.1"
    "@ungap/global-this" "^0.4.2"
    tslib "^1.9.3"

tslib@^1.10.0, tslib@^1.9.3:
  version "1.10.0"
  resolved "https://registry.yarnpkg.com/tslib/-/tslib-1.10.0.tgz#c3c19f95973fb0a62973fb09d90d961ee43e5c8a"
  integrity sha512-qOebF53frne81cf0S9B41ByenJ3/IuH8yJKngAX35CmiZySA0khhkovshKK+jGCaMnVomla7gVlIcc3EvKPbTQ==

typescript@4.1.3:
  version "4.1.3"
  resolved "https://registry.yarnpkg.com/typescript/-/typescript-4.1.3.tgz#519d582bd94cba0cf8934c7d8e8467e473f53bb7"
  integrity sha512-B3ZIOf1IKeH2ixgHhj6la6xdwR9QrLC5d1VKeCSY4tvkqhF2eqd9O7txNlS0PO3GrBAFIdr3L1ndNwteUbZLYg==

ws@^5.2.0:
  version "5.2.2"
  resolved "https://registry.yarnpkg.com/ws/-/ws-5.2.2.tgz#dffef14866b8e8dc9133582514d1befaf96e980f"
  integrity sha512-jaHFD6PFv6UgoIVda6qZllptQsMlDEJkTQcybzzXDYM1XO9Y8em691FGMPmM46WGyLU4z9KMgQN+qrux/nhlHA==
  dependencies:
    async-limiter "~1.0.0"

zen-observable@^0.8.14:
  version "0.8.15"
  resolved "https://registry.yarnpkg.com/zen-observable/-/zen-observable-0.8.15.tgz#96415c512d8e3ffd920afd3889604e30b9eaac15"
  integrity sha512-PQ2PC7R9rslx84ndNBZB/Dkv8V8fZEpk83RLgXtYd0fwUgEjseMn1Dgajh2x6S8QbZAFa9p2qVCEuYZNgve0dQ==
